// !$*UTF8*$!
{
	archiveVersion = 1;
	classes = {
	};
	objectVersion = 46;
	objects = {

/* Begin PBXBuildFile section */
		16F518F01AF9854100CFFEF7 /* AppDelegate.swift in Sources */ = {isa = PBXBuildFile; fileRef = 16F518EF1AF9854100CFFEF7 /* AppDelegate.swift */; };
		16F518F21AF9854100CFFEF7 /* ViewController.swift in Sources */ = {isa = PBXBuildFile; fileRef = 16F518F11AF9854100CFFEF7 /* ViewController.swift */; };
		16F518F51AF9854100CFFEF7 /* Main.storyboard in Resources */ = {isa = PBXBuildFile; fileRef = 16F518F31AF9854100CFFEF7 /* Main.storyboard */; };
		16F518F71AF9854100CFFEF7 /* Images.xcassets in Resources */ = {isa = PBXBuildFile; fileRef = 16F518F61AF9854100CFFEF7 /* Images.xcassets */; };
		16F518FA1AF9854100CFFEF7 /* LaunchScreen.xib in Resources */ = {isa = PBXBuildFile; fileRef = 16F518F81AF9854100CFFEF7 /* LaunchScreen.xib */; };
		16F519061AF9854100CFFEF7 /* trocaeTests.swift in Sources */ = {isa = PBXBuildFile; fileRef = 16F519051AF9854100CFFEF7 /* trocaeTests.swift */; };
		16F519131AF9982700CFFEF7 /* ENSideMenu.swift in Sources */ = {isa = PBXBuildFile; fileRef = 16F519111AF9982700CFFEF7 /* ENSideMenu.swift */; };
		16F519141AF9982700CFFEF7 /* ENSideMenuNavigationController.swift in Sources */ = {isa = PBXBuildFile; fileRef = 16F519121AF9982700CFFEF7 /* ENSideMenuNavigationController.swift */; };
		16F519181AF9990C00CFFEF7 /* MenuTableViewController.swift in Sources */ = {isa = PBXBuildFile; fileRef = 16F519171AF9990C00CFFEF7 /* MenuTableViewController.swift */; };
		16F5191A1AF99C5100CFFEF7 /* MenuNavigationController.swift in Sources */ = {isa = PBXBuildFile; fileRef = 16F519191AF99C5100CFFEF7 /* MenuNavigationController.swift */; };
/* End PBXBuildFile section */

/* Begin PBXContainerItemProxy section */
		16F519001AF9854100CFFEF7 /* PBXContainerItemProxy */ = {
			isa = PBXContainerItemProxy;
			containerPortal = 16F518E21AF9854100CFFEF7 /* Project object */;
			proxyType = 1;
			remoteGlobalIDString = 16F518E91AF9854100CFFEF7;
			remoteInfo = trocae;
		};
/* End PBXContainerItemProxy section */

/* Begin PBXFileReference section */
		16F518EA1AF9854100CFFEF7 /* trocae.app */ = {isa = PBXFileReference; explicitFileType = wrapper.application; includeInIndex = 0; path = trocae.app; sourceTree = BUILT_PRODUCTS_DIR; };
		16F518EE1AF9854100CFFEF7 /* Info.plist */ = {isa = PBXFileReference; lastKnownFileType = text.plist.xml; path = Info.plist; sourceTree = "<group>"; };
		16F518EF1AF9854100CFFEF7 /* AppDelegate.swift */ = {isa = PBXFileReference; lastKnownFileType = sourcecode.swift; path = AppDelegate.swift; sourceTree = "<group>"; };
		16F518F11AF9854100CFFEF7 /* ViewController.swift */ = {isa = PBXFileReference; lastKnownFileType = sourcecode.swift; path = ViewController.swift; sourceTree = "<group>"; };
		16F518F41AF9854100CFFEF7 /* Base */ = {isa = PBXFileReference; lastKnownFileType = file.storyboard; name = Base; path = Base.lproj/Main.storyboard; sourceTree = "<group>"; };
		16F518F61AF9854100CFFEF7 /* Images.xcassets */ = {isa = PBXFileReference; lastKnownFileType = folder.assetcatalog; path = Images.xcassets; sourceTree = "<group>"; };
		16F518F91AF9854100CFFEF7 /* Base */ = {isa = PBXFileReference; lastKnownFileType = file.xib; name = Base; path = Base.lproj/LaunchScreen.xib; sourceTree = "<group>"; };
		16F518FF1AF9854100CFFEF7 /* trocaeTests.xctest */ = {isa = PBXFileReference; explicitFileType = wrapper.cfbundle; includeInIndex = 0; path = trocaeTests.xctest; sourceTree = BUILT_PRODUCTS_DIR; };
		16F519041AF9854100CFFEF7 /* Info.plist */ = {isa = PBXFileReference; lastKnownFileType = text.plist.xml; path = Info.plist; sourceTree = "<group>"; };
		16F519051AF9854100CFFEF7 /* trocaeTests.swift */ = {isa = PBXFileReference; lastKnownFileType = sourcecode.swift; path = trocaeTests.swift; sourceTree = "<group>"; };
		16F519111AF9982700CFFEF7 /* ENSideMenu.swift */ = {isa = PBXFileReference; fileEncoding = 4; lastKnownFileType = sourcecode.swift; path = ENSideMenu.swift; sourceTree = "<group>"; };
		16F519121AF9982700CFFEF7 /* ENSideMenuNavigationController.swift */ = {isa = PBXFileReference; fileEncoding = 4; lastKnownFileType = sourcecode.swift; path = ENSideMenuNavigationController.swift; sourceTree = "<group>"; };
		16F519171AF9990C00CFFEF7 /* MenuTableViewController.swift */ = {isa = PBXFileReference; fileEncoding = 4; lastKnownFileType = sourcecode.swift; path = MenuTableViewController.swift; sourceTree = "<group>"; };
		16F519191AF99C5100CFFEF7 /* MenuNavigationController.swift */ = {isa = PBXFileReference; fileEncoding = 4; lastKnownFileType = sourcecode.swift; path = MenuNavigationController.swift; sourceTree = "<group>"; };
/* End PBXFileReference section */

/* Begin PBXFrameworksBuildPhase section */
		16F518E71AF9854100CFFEF7 /* Frameworks */ = {
			isa = PBXFrameworksBuildPhase;
			buildActionMask = 2147483647;
			files = (
			);
			runOnlyForDeploymentPostprocessing = 0;
		};
		16F518FC1AF9854100CFFEF7 /* Frameworks */ = {
			isa = PBXFrameworksBuildPhase;
			buildActionMask = 2147483647;
			files = (
			);
			runOnlyForDeploymentPostprocessing = 0;
		};
/* End PBXFrameworksBuildPhase section */

/* Begin PBXGroup section */
		16F518E11AF9854100CFFEF7 = {
			isa = PBXGroup;
			children = (
				16F518EC1AF9854100CFFEF7 /* trocae */,
				16F519021AF9854100CFFEF7 /* trocaeTests */,
				16F518EB1AF9854100CFFEF7 /* Products */,
			);
			sourceTree = "<group>";
		};
		16F518EB1AF9854100CFFEF7 /* Products */ = {
			isa = PBXGroup;
			children = (
				16F518EA1AF9854100CFFEF7 /* trocae.app */,
				16F518FF1AF9854100CFFEF7 /* trocaeTests.xctest */,
			);
			name = Products;
			sourceTree = "<group>";
		};
		16F518EC1AF9854100CFFEF7 /* trocae */ = {
			isa = PBXGroup;
			children = (
				16F519101AF997ED00CFFEF7 /* Library */,
				16F5190F1AF997CD00CFFEF7 /* Controllers */,
				16F518EF1AF9854100CFFEF7 /* AppDelegate.swift */,
				16F518F31AF9854100CFFEF7 /* Main.storyboard */,
				16F518F61AF9854100CFFEF7 /* Images.xcassets */,
				16F518F81AF9854100CFFEF7 /* LaunchScreen.xib */,
				16F518ED1AF9854100CFFEF7 /* Supporting Files */,
			);
			path = trocae;
			sourceTree = "<group>";
		};
		16F518ED1AF9854100CFFEF7 /* Supporting Files */ = {
			isa = PBXGroup;
			children = (
				16F518EE1AF9854100CFFEF7 /* Info.plist */,
			);
			name = "Supporting Files";
			sourceTree = "<group>";
		};
		16F519021AF9854100CFFEF7 /* trocaeTests */ = {
			isa = PBXGroup;
			children = (
				16F519051AF9854100CFFEF7 /* trocaeTests.swift */,
				16F519031AF9854100CFFEF7 /* Supporting Files */,
			);
			path = trocaeTests;
			sourceTree = "<group>";
		};
		16F519031AF9854100CFFEF7 /* Supporting Files */ = {
			isa = PBXGroup;
			children = (
				16F519041AF9854100CFFEF7 /* Info.plist */,
			);
			name = "Supporting Files";
			sourceTree = "<group>";
		};
		16F5190F1AF997CD00CFFEF7 /* Controllers */ = {
			isa = PBXGroup;
			children = (
				16F519171AF9990C00CFFEF7 /* MenuTableViewController.swift */,
				16F519191AF99C5100CFFEF7 /* MenuNavigationController.swift */,
				16F518F11AF9854100CFFEF7 /* ViewController.swift */,
			);
			name = Controllers;
			sourceTree = "<group>";
		};
		16F519101AF997ED00CFFEF7 /* Library */ = {
			isa = PBXGroup;
			children = (
				16F519111AF9982700CFFEF7 /* ENSideMenu.swift */,
				16F519121AF9982700CFFEF7 /* ENSideMenuNavigationController.swift */,
			);
			name = Library;
			sourceTree = "<group>";
		};
/* End PBXGroup section */

/* Begin PBXNativeTarget section */
		16F518E91AF9854100CFFEF7 /* trocae */ = {
			isa = PBXNativeTarget;
			buildConfigurationList = 16F519091AF9854100CFFEF7 /* Build configuration list for PBXNativeTarget "trocae" */;
			buildPhases = (
				16F518E61AF9854100CFFEF7 /* Sources */,
				16F518E71AF9854100CFFEF7 /* Frameworks */,
				16F518E81AF9854100CFFEF7 /* Resources */,
			);
			buildRules = (
			);
			dependencies = (
			);
			name = trocae;
			productName = trocae;
			productReference = 16F518EA1AF9854100CFFEF7 /* trocae.app */;
			productType = "com.apple.product-type.application";
		};
		16F518FE1AF9854100CFFEF7 /* trocaeTests */ = {
			isa = PBXNativeTarget;
			buildConfigurationList = 16F5190C1AF9854100CFFEF7 /* Build configuration list for PBXNativeTarget "trocaeTests" */;
			buildPhases = (
				16F518FB1AF9854100CFFEF7 /* Sources */,
				16F518FC1AF9854100CFFEF7 /* Frameworks */,
				16F518FD1AF9854100CFFEF7 /* Resources */,
			);
			buildRules = (
			);
			dependencies = (
				16F519011AF9854100CFFEF7 /* PBXTargetDependency */,
			);
			name = trocaeTests;
			productName = trocaeTests;
			productReference = 16F518FF1AF9854100CFFEF7 /* trocaeTests.xctest */;
			productType = "com.apple.product-type.bundle.unit-test";
		};
/* End PBXNativeTarget section */

/* Begin PBXProject section */
		16F518E21AF9854100CFFEF7 /* Project object */ = {
			isa = PBXProject;
			attributes = {
				LastUpgradeCheck = 0620;
				ORGANIZATIONNAME = "Intrare Web";
				TargetAttributes = {
					16F518E91AF9854100CFFEF7 = {
						CreatedOnToolsVersion = 6.2;
					};
					16F518FE1AF9854100CFFEF7 = {
						CreatedOnToolsVersion = 6.2;
						TestTargetID = 16F518E91AF9854100CFFEF7;
					};
				};
			};
			buildConfigurationList = 16F518E51AF9854100CFFEF7 /* Build configuration list for PBXProject "trocae" */;
			compatibilityVersion = "Xcode 3.2";
			developmentRegion = English;
			hasScannedForEncodings = 0;
			knownRegions = (
				en,
				Base,
			);
			mainGroup = 16F518E11AF9854100CFFEF7;
			productRefGroup = 16F518EB1AF9854100CFFEF7 /* Products */;
			projectDirPath = "";
			projectRoot = "";
			targets = (
				16F518E91AF9854100CFFEF7 /* trocae */,
				16F518FE1AF9854100CFFEF7 /* trocaeTests */,
			);
		};
/* End PBXProject section */

/* Begin PBXResourcesBuildPhase section */
		16F518E81AF9854100CFFEF7 /* Resources */ = {
			isa = PBXResourcesBuildPhase;
			buildActionMask = 2147483647;
			files = (
				16F518F51AF9854100CFFEF7 /* Main.storyboard in Resources */,
				16F518FA1AF9854100CFFEF7 /* LaunchScreen.xib in Resources */,
				16F518F71AF9854100CFFEF7 /* Images.xcassets in Resources */,
			);
			runOnlyForDeploymentPostprocessing = 0;
		};
		16F518FD1AF9854100CFFEF7 /* Resources */ = {
			isa = PBXResourcesBuildPhase;
			buildActionMask = 2147483647;
			files = (
			);
			runOnlyForDeploymentPostprocessing = 0;
		};
/* End PBXResourcesBuildPhase section */

/* Begin PBXSourcesBuildPhase section */
		16F518E61AF9854100CFFEF7 /* Sources */ = {
			isa = PBXSourcesBuildPhase;
			buildActionMask = 2147483647;
			files = (
				16F519141AF9982700CFFEF7 /* ENSideMenuNavigationController.swift in Sources */,
				16F519181AF9990C00CFFEF7 /* MenuTableViewController.swift in Sources */,
				16F519131AF9982700CFFEF7 /* ENSideMenu.swift in Sources */,
				16F518F21AF9854100CFFEF7 /* ViewController.swift in Sources */,
				16F5191A1AF99C5100CFFEF7 /* MenuNavigationController.swift in Sources */,
				16F518F01AF9854100CFFEF7 /* AppDelegate.swift in Sources */,
			);
			runOnlyForDeploymentPostprocessing = 0;
		};
		16F518FB1AF9854100CFFEF7 /* Sources */ = {
			isa = PBXSourcesBuildPhase;
			buildActionMask = 2147483647;
			files = (
				16F519061AF9854100CFFEF7 /* trocaeTests.swift in Sources */,
			);
			runOnlyForDeploymentPostprocessing = 0;
		};
/* End PBXSourcesBuildPhase section */

/* Begin PBXTargetDependency section */
		16F519011AF9854100CFFEF7 /* PBXTargetDependency */ = {
			isa = PBXTargetDependency;
			target = 16F518E91AF9854100CFFEF7 /* trocae */;
			targetProxy = 16F519001AF9854100CFFEF7 /* PBXContainerItemProxy */;
		};
/* End PBXTargetDependency section */

/* Begin PBXVariantGroup section */
		16F518F31AF9854100CFFEF7 /* Main.storyboard */ = {
			isa = PBXVariantGroup;
			children = (
				16F518F41AF9854100CFFEF7 /* Base */,
			);
			name = Main.storyboard;
			sourceTree = "<group>";
		};
		16F518F81AF9854100CFFEF7 /* LaunchScreen.xib */ = {
			isa = PBXVariantGroup;
			children = (
				16F518F91AF9854100CFFEF7 /* Base */,
			);
			name = LaunchScreen.xib;
			sourceTree = "<group>";
		};
/* End PBXVariantGroup section */

/* Begin XCBuildConfiguration section */
		16F519071AF9854100CFFEF7 /* Debug */ = {
			isa = XCBuildConfiguration;
			buildSettings = {
				ALWAYS_SEARCH_USER_PATHS = NO;
				CLANG_CXX_LANGUAGE_STANDARD = "gnu++0x";
				CLANG_CXX_LIBRARY = "libc++";
				CLANG_ENABLE_MODULES = YES;
				CLANG_ENABLE_OBJC_ARC = YES;
				CLANG_WARN_BOOL_CONVERSION = YES;
				CLANG_WARN_CONSTANT_CONVERSION = YES;
				CLANG_WARN_DIRECT_OBJC_ISA_USAGE = YES_ERROR;
				CLANG_WARN_EMPTY_BODY = YES;
				CLANG_WARN_ENUM_CONVERSION = YES;
				CLANG_WARN_INT_CONVERSION = YES;
				CLANG_WARN_OBJC_ROOT_CLASS = YES_ERROR;
				CLANG_WARN_UNREACHABLE_CODE = YES;
				CLANG_WARN__DUPLICATE_METHOD_MATCH = YES;
				"CODE_SIGN_IDENTITY[sdk=iphoneos*]" = "iPhone Developer";
				COPY_PHASE_STRIP = NO;
				ENABLE_STRICT_OBJC_MSGSEND = YES;
				GCC_C_LANGUAGE_STANDARD = gnu99;
				GCC_DYNAMIC_NO_PIC = NO;
				GCC_OPTIMIZATION_LEVEL = 0;
				GCC_PREPROCESSOR_DEFINITIONS = (
					"DEBUG=1",
					"$(inherited)",
				);
				GCC_SYMBOLS_PRIVATE_EXTERN = NO;
				GCC_WARN_64_TO_32_BIT_CONVERSION = YES;
				GCC_WARN_ABOUT_RETURN_TYPE = YES_ERROR;
				GCC_WARN_UNDECLARED_SELECTOR = YES;
				GCC_WARN_UNINITIALIZED_AUTOS = YES_AGGRESSIVE;
				GCC_WARN_UNUSED_FUNCTION = YES;
				GCC_WARN_UNUSED_VARIABLE = YES;
				IPHONEOS_DEPLOYMENT_TARGET = 8.2;
				MTL_ENABLE_DEBUG_INFO = YES;
				ONLY_ACTIVE_ARCH = YES;
				SDKROOT = iphoneos;
				SWIFT_OPTIMIZATION_LEVEL = "-Onone";
				TARGETED_DEVICE_FAMILY = "1,2";
			};
			name = Debug;
		};
		16F519081AF9854100CFFEF7 /* Release */ = {
			isa = XCBuildConfiguration;
			buildSettings = {
				ALWAYS_SEARCH_USER_PATHS = NO;
				CLANG_CXX_LANGUAGE_STANDARD = "gnu++0x";
				CLANG_CXX_LIBRARY = "libc++";
				CLANG_ENABLE_MODULES = YES;
				CLANG_ENABLE_OBJC_ARC = YES;
				CLANG_WARN_BOOL_CONVERSION = YES;
				CLANG_WARN_CONSTANT_CONVERSION = YES;
				CLANG_WARN_DIRECT_OBJC_ISA_USAGE = YES_ERROR;
				CLANG_WARN_EMPTY_BODY = YES;
				CLANG_WARN_ENUM_CONVERSION = YES;
				CLANG_WARN_INT_CONVERSION = YES;
				CLANG_WARN_OBJC_ROOT_CLASS = YES_ERROR;
				CLANG_WARN_UNREACHABLE_CODE = YES;
				CLANG_WARN__DUPLICATE_METHOD_MATCH = YES;
				"CODE_SIGN_IDENTITY[sdk=iphoneos*]" = "iPhone Developer";
				COPY_PHASE_STRIP = NO;
				ENABLE_NS_ASSERTIONS = NO;
				ENABLE_STRICT_OBJC_MSGSEND = YES;
				GCC_C_LANGUAGE_STANDARD = gnu99;
				GCC_WARN_64_TO_32_BIT_CONVERSION = YES;
				GCC_WARN_ABOUT_RETURN_TYPE = YES_ERROR;
				GCC_WARN_UNDECLARED_SELECTOR = YES;
				GCC_WARN_UNINITIALIZED_AUTOS = YES_AGGRESSIVE;
				GCC_WARN_UNUSED_FUNCTION = YES;
				GCC_WARN_UNUSED_VARIABLE = YES;
				IPHONEOS_DEPLOYMENT_TARGET = 8.2;
				MTL_ENABLE_DEBUG_INFO = NO;
				SDKROOT = iphoneos;
				TARGETED_DEVICE_FAMILY = "1,2";
				VALIDATE_PRODUCT = YES;
			};
			name = Release;
		};
		16F5190A1AF9854100CFFEF7 /* Debug */ = {
			isa = XCBuildConfiguration;
			buildSettings = {
				ASSETCATALOG_COMPILER_APPICON_NAME = AppIcon;
				INFOPLIST_FILE = trocae/Info.plist;
				LD_RUNPATH_SEARCH_PATHS = "$(inherited) @executable_path/Frameworks";
				PRODUCT_NAME = "$(TARGET_NAME)";
			};
			name = Debug;
		};
		16F5190B1AF9854100CFFEF7 /* Release */ = {
			isa = XCBuildConfiguration;
			buildSettings = {
				ASSETCATALOG_COMPILER_APPICON_NAME = AppIcon;
				INFOPLIST_FILE = trocae/Info.plist;
				LD_RUNPATH_SEARCH_PATHS = "$(inherited) @executable_path/Frameworks";
				PRODUCT_NAME = "$(TARGET_NAME)";
			};
			name = Release;
		};
		16F5190D1AF9854100CFFEF7 /* Debug */ = {
			isa = XCBuildConfiguration;
			buildSettings = {
				BUNDLE_LOADER = "$(TEST_HOST)";
				FRAMEWORK_SEARCH_PATHS = (
					"$(SDKROOT)/Developer/Library/Frameworks",
					"$(inherited)",
				);
				GCC_PREPROCESSOR_DEFINITIONS = (
					"DEBUG=1",
					"$(inherited)",
				);
				INFOPLIST_FILE = trocaeTests/Info.plist;
				LD_RUNPATH_SEARCH_PATHS = "$(inherited) @executable_path/Frameworks @loader_path/Frameworks";
				PRODUCT_NAME = "$(TARGET_NAME)";
				TEST_HOST = "$(BUILT_PRODUCTS_DIR)/trocae.app/trocae";
			};
			name = Debug;
		};
		16F5190E1AF9854100CFFEF7 /* Release */ = {
			isa = XCBuildConfiguration;
			buildSettings = {
				BUNDLE_LOADER = "$(TEST_HOST)";
				FRAMEWORK_SEARCH_PATHS = (
					"$(SDKROOT)/Developer/Library/Frameworks",
					"$(inherited)",
				);
				INFOPLIST_FILE = trocaeTests/Info.plist;
				LD_RUNPATH_SEARCH_PATHS = "$(inherited) @executable_path/Frameworks @loader_path/Frameworks";
				PRODUCT_NAME = "$(TARGET_NAME)";
				TEST_HOST = "$(BUILT_PRODUCTS_DIR)/trocae.app/trocae";
			};
			name = Release;
		};
/* End XCBuildConfiguration section */

/* Begin XCConfigurationList section */
		16F518E51AF9854100CFFEF7 /* Build configuration list for PBXProject "trocae" */ = {
			isa = XCConfigurationList;
			buildConfigurations = (
				16F519071AF9854100CFFEF7 /* Debug */,
				16F519081AF9854100CFFEF7 /* Release */,
			);
			defaultConfigurationIsVisible = 0;
			defaultConfigurationName = Release;
		};
		16F519091AF9854100CFFEF7 /* Build configuration list for PBXNativeTarget "trocae" */ = {
			isa = XCConfigurationList;
			buildConfigurations = (
				16F5190A1AF9854100CFFEF7 /* Debug */,
				16F5190B1AF9854100CFFEF7 /* Release */,
			);
			defaultConfigurationIsVisible = 0;
		};
		16F5190C1AF9854100CFFEF7 /* Build configuration list for PBXNativeTarget "trocaeTests" */ = {
			isa = XCConfigurationList;
			buildConfigurations = (
				16F5190D1AF9854100CFFEF7 /* Debug */,
				16F5190E1AF9854100CFFEF7 /* Release */,
			);
			defaultConfigurationIsVisible = 0;
		};
/* End XCConfigurationList section */
	};
	rootObject = 16F518E21AF9854100CFFEF7 /* Project object */;
}
